
Microsoft Visual Studio Solution File, Format Version 12.00
# Visual Studio 14
VisualStudioVersion = 14.0.25123.0
MinimumVisualStudioVersion = 10.0.40219.1
Project("{FAE04EC0-301F-11D3-BF4B-00C04F79EFBC}") = "ASP.NET.1607.Day1.Task1.Suhov", "ASP.NET.1607.Day1.Task1.Suhov\ASP.NET.1607.Day1.Task1.Suhov.csproj", "{35EF287A-81CA-49F4-AEF6-529F86BDA94F}"
EndProject
Project("{FAE04EC0-301F-11D3-BF4B-00C04F79EFBC}") = "ASP.NET.1607.Day1.Task1.Suhov.Tests", "ASP.NET.1607.Day1.Task1.Suhov.Tests\ASP.NET.1607.Day1.Task1.Suhov.Tests.csproj", "{7E542A0D-7CEE-41E4-A604-C824DEB430B5}"
EndProject
Global
	GlobalSection(SolutionConfigurationPlatforms) = preSolution
		Debug|Any CPU = Debug|Any CPU
		Release|Any CPU = Release|Any CPU
	EndGlobalSection
	GlobalSection(ProjectConfigurationPlatforms) = postSolution
		{35EF287A-81CA-49F4-AEF6-529F86BDA94F}.Debug|Any CPU.ActiveCfg = Debug|Any CPU
		{35EF287A-81CA-49F4-AEF6-529F86BDA94F}.Debug|Any CPU.Build.0 = Debug|Any CPU
		{35EF287A-81CA-49F4-AEF6-529F86BDA94F}.Release|Any CPU.ActiveCfg = Release|Any CPU
		{35EF287A-81CA-49F4-AEF6-529F86BDA94F}.Release|Any CPU.Build.0 = Release|Any CPU
		{7E542A0D-7CEE-41E4-A604-C824DEB430B5}.Debug|Any CPU.ActiveCfg = Debug|Any CPU
		{7E542A0D-7CEE-41E4-A604-C824DEB430B5}.Debug|Any CPU.Build.0 = Debug|Any CPU
		{7E542A0D-7CEE-41E4-A604-C824DEB430B5}.Release|Any CPU.ActiveCfg = Release|Any CPU
		{7E542A0D-7CEE-41E4-A604-C824DEB430B5}.Release|Any CPU.Build.0 = Release|Any CPU
	EndGlobalSection
	GlobalSection(SolutionProperties) = preSolution
		HideSolutionNode = FALSE
	EndGlobalSection
EndGlobal
